
Microsoft Visual Studio Solution File, Format Version 11.00
# Visual Studio 2010
Project("{FAE04EC0-301F-11D3-BF4B-00C04F79EFBC}") = "mytools", "mytools\mytools.csproj", "{094508E3-5932-4887-B245-34D02B8C19FC}"
EndProject
Project("{2150E333-8FDC-42A3-9474-1A3956D46DE8}") = "Solution Items", "Solution Items", "{8656735F-AF73-4361-825E-01A95ED39602}"
	ProjectSection(SolutionItems) = preProject
		Local.testsettings = Local.testsettings
		mytools.vsmdi = mytools.vsmdi
		TraceAndTestImpact.testsettings = TraceAndTestImpact.testsettings
	EndProjectSection
EndProject
Global
	GlobalSection(TestCaseManagementSettings) = postSolution
		CategoryFile = mytools.vsmdi
	EndGlobalSection
	GlobalSection(SolutionConfigurationPlatforms) = preSolution
		Debug|Any CPU = Debug|Any CPU
		Debug|x64 = Debug|x64
		Debug|x86 = Debug|x86
		Release|Any CPU = Release|Any CPU
		Release|x64 = Release|x64
		Release|x86 = Release|x86
	EndGlobalSection
	GlobalSection(ProjectConfigurationPlatforms) = postSolution
		{094508E3-5932-4887-B245-34D02B8C19FC}.Debug|Any CPU.ActiveCfg = Debug|x86
		{094508E3-5932-4887-B245-34D02B8C19FC}.Debug|Any CPU.Build.0 = Debug|x86
		{094508E3-5932-4887-B245-34D02B8C19FC}.Debug|x64.ActiveCfg = Debug|x64
		{094508E3-5932-4887-B245-34D02B8C19FC}.Debug|x64.Build.0 = Debug|x64
		{094508E3-5932-4887-B245-34D02B8C19FC}.Debug|x86.ActiveCfg = Debug|x86
		{094508E3-5932-4887-B245-34D02B8C19FC}.Debug|x86.Build.0 = Debug|x86
		{094508E3-5932-4887-B245-34D02B8C19FC}.Release|Any CPU.ActiveCfg = Release|Any CPU
		{094508E3-5932-4887-B245-34D02B8C19FC}.Release|Any CPU.Build.0 = Release|Any CPU
		{094508E3-5932-4887-B245-34D02B8C19FC}.Release|x64.ActiveCfg = Release|x64
		{094508E3-5932-4887-B245-34D02B8C19FC}.Release|x64.Build.0 = Release|x64
		{094508E3-5932-4887-B245-34D02B8C19FC}.Release|x86.ActiveCfg = Release|x86
		{094508E3-5932-4887-B245-34D02B8C19FC}.Release|x86.Build.0 = Release|x86
	EndGlobalSection
	GlobalSection(SolutionProperties) = preSolution
		HideSolutionNode = FALSE
	EndGlobalSection
EndGlobal
